{
  "name": "bce-playwright-codecoverage",
  "version": "1.0.0",
  "lockfileVersion": 2,
  "requires": true,
  "packages": {
    "": {
      "name": "bce-playwright-codecoverage",
      "version": "1.0.0",
      "license": "ISC",
      "devDependencies": {
        "@playwright/test": "^1.44.1",
        "@types/node": "^20.14.2",
        "monocart-coverage-reports": "^2.8.3"
      }
    },
    "node_modules/@playwright/test": {
      "version": "1.44.1",
      "resolved": "https://registry.npmjs.org/@playwright/test/-/test-1.44.1.tgz",
      "integrity": "sha512-1hZ4TNvD5z9VuhNJ/walIjvMVvYkZKf71axoF/uiAqpntQJXpG64dlXhoDXE3OczPuTuvjf/M5KWFg5VAVUS3Q==",
      "dev": true,
      "dependencies": {
        "playwright": "1.44.1"
      },
      "bin": {
        "playwright": "cli.js"
      },
      "engines": {
        "node": ">=16"
      }
    },
    "node_modules/@types/node": {
      "version": "20.14.2",
      "resolved": "https://registry.npmjs.org/@types/node/-/node-20.14.2.tgz",
      "integrity": "sha512-xyu6WAMVwv6AKFLB+e/7ySZVr/0zLCzOa7rSpq6jNwpqOrUbcACDWC+53d4n2QHOnDou0fbIsg8wZu/sxrnI4Q==",
      "dev": true,
      "dependencies": {
        "undici-types": "~5.26.4"
      }
    },
    "node_modules/console-grid": {
      "version": "2.2.2",
      "resolved": "https://registry.npmjs.org/console-grid/-/console-grid-2.2.2.tgz",
      "integrity": "sha512-ohlgXexdDTKLNsZz7DSJuCAwmRc8omSS61txOk39W3NOthgKGr1a1jJpZ5BCQe4PlrwMw01OvPQ1Bl3G7Y/uFg==",
      "dev": true
    },
    "node_modules/eight-colors": {
      "version": "1.3.0",
      "resolved": "https://registry.npmjs.org/eight-colors/-/eight-colors-1.3.0.tgz",
      "integrity": "sha512-hVoK898cR71ADj7L1LZWaECLaSkzzPtqGXIaKv4K6Pzb72QgjLVsQaNI+ELDQQshzFvgp5xTPkaYkPGqw3YR+g==",
      "dev": true
    },
    "node_modules/fsevents": {
      "version": "2.3.2",
      "resolved": "https://registry.npmjs.org/fsevents/-/fsevents-2.3.2.tgz",
      "integrity": "sha512-xiqMQR4xAeHTuB9uWm+fFRcIOgKBMiOBP+eXiyT7jsgVCq1bkVygt00oASowB7EdtpOHaaPgKt812P9ab+DDKA==",
      "dev": true,
      "hasInstallScript": true,
      "optional": true,
      "os": [
        "darwin"
      ],
      "engines": {
        "node": "^8.16.0 || ^10.6.0 || >=11.0.0"
      }
    },
    "node_modules/has-flag": {
      "version": "4.0.0",
      "resolved": "https://registry.npmjs.org/has-flag/-/has-flag-4.0.0.tgz",
      "integrity": "sha512-EykJT/Q1KjTWctppgIAgfSO0tKVuZUjhgMr17kqTumMl6Afv3EISleU7qZUzoXDFTAHTDC4NOoG/ZxU3EvlMPQ==",
      "dev": true,
      "engines": {
        "node": ">=8"
      }
    },
    "node_modules/html-escaper": {
      "version": "2.0.2",
      "resolved": "https://registry.npmjs.org/html-escaper/-/html-escaper-2.0.2.tgz",
      "integrity": "sha512-H2iMtd0I4Mt5eYiapRdIDjp+XzelXQ0tFE4JS7YFwFevXXMmOp9myNrUvCg0D6ws8iqkRPBfKHgbwig1SmlLfg==",
      "dev": true
    },
    "node_modules/istanbul-lib-coverage": {
      "version": "3.2.2",
      "resolved": "https://registry.npmjs.org/istanbul-lib-coverage/-/istanbul-lib-coverage-3.2.2.tgz",
      "integrity": "sha512-O8dpsF+r0WV/8MNRKfnmrtCWhuKjxrq2w+jpzBL5UZKTi2LeVWnWOmWRxFlesJONmc+wLAGvKQZEOanko0LFTg==",
      "dev": true,
      "engines": {
        "node": ">=8"
      }
    },
    "node_modules/istanbul-lib-report": {
      "version": "3.0.1",
      "resolved": "https://registry.npmjs.org/istanbul-lib-report/-/istanbul-lib-report-3.0.1.tgz",
      "integrity": "sha512-GCfE1mtsHGOELCU8e/Z7YWzpmybrx/+dSTfLrvY8qRmaY6zXTKWn6WQIjaAFw069icm6GVMNkgu0NzI4iPZUNw==",
      "dev": true,
      "dependencies": {
        "istanbul-lib-coverage": "^3.0.0",
        "make-dir": "^4.0.0",
        "supports-color": "^7.1.0"
      },
      "engines": {
        "node": ">=10"
      }
    },
    "node_modules/istanbul-reports": {
      "version": "3.1.7",
      "resolved": "https://registry.npmjs.org/istanbul-reports/-/istanbul-reports-3.1.7.tgz",
      "integrity": "sha512-BewmUXImeuRk2YY0PVbxgKAysvhRPUQE0h5QRM++nVWyubKGV0l8qQ5op8+B2DOmwSe63Jivj0BjkPQVf8fP5g==",
      "dev": true,
      "dependencies": {
        "html-escaper": "^2.0.0",
        "istanbul-lib-report": "^3.0.0"
      },
      "engines": {
        "node": ">=8"
      }
    },
    "node_modules/lz-utils": {
      "version": "2.0.2",
      "resolved": "https://registry.npmjs.org/lz-utils/-/lz-utils-2.0.2.tgz",
      "integrity": "sha512-i1PJN4hNEevkrvLMqNWCCac1BcB5SRaghywG7HVzWOyVkFOasLCG19ND1sY1F/ZEsM6SnGtoXyBWnmfqOM5r6g==",
      "dev": true
    },
    "node_modules/make-dir": {
      "version": "4.0.0",
      "resolved": "https://registry.npmjs.org/make-dir/-/make-dir-4.0.0.tgz",
      "integrity": "sha512-hXdUTZYIVOt1Ex//jAQi+wTZZpUpwBj/0QsOzqegb3rGMMeJiSEu5xLHnYfBrRV4RH2+OCSOO95Is/7x1WJ4bw==",
      "dev": true,
      "dependencies": {
        "semver": "^7.5.3"
      },
      "engines": {
        "node": ">=10"
      },
      "funding": {
        "url": "https://github.com/sponsors/sindresorhus"
      }
    },
    "node_modules/monocart-code-viewer": {
      "version": "1.1.3",
      "resolved": "https://registry.npmjs.org/monocart-code-viewer/-/monocart-code-viewer-1.1.3.tgz",
      "integrity": "sha512-v1dbT8fDr9vjyjEYE035JSC4JXBA/Z034mogVJWRO3khX0/guVwGb69iSIYSzTbR9+KpRKV/C/AscRAkUwP32w==",
      "dev": true
    },
    "node_modules/monocart-coverage-reports": {
      "version": "2.8.3",
      "resolved": "https://registry.npmjs.org/monocart-coverage-reports/-/monocart-coverage-reports-2.8.3.tgz",
      "integrity": "sha512-F6SK6VqKofrnjGtM0Cu9BLgp1ZZPMJhHq8rd8l0vudj3amrVRb+H9UH5X9Xxp4JuGVSODg0XfTDpFOxVjIGjUw==",
      "dev": true,
      "dependencies": {
        "console-grid": "^2.2.2",
        "eight-colors": "^1.3.0",
        "istanbul-lib-coverage": "^3.2.2",
        "istanbul-lib-report": "^3.0.1",
        "istanbul-reports": "^3.1.7",
        "lz-utils": "^2.0.2",
        "monocart-code-viewer": "^1.1.3",
        "monocart-formatter": "^3.0.0",
        "monocart-locator": "^1.0.0",
        "turbogrid": "^3.0.13"
      },
      "bin": {
        "mcr": "lib/cli.js"
      }
    },
    "node_modules/monocart-formatter": {
      "version": "3.0.0",
      "resolved": "https://registry.npmjs.org/monocart-formatter/-/monocart-formatter-3.0.0.tgz",
      "integrity": "sha512-91OQpUb/9iDqvrblUv6ki11Jxi1d3Fp5u2jfVAPl3UdNp9TM+iBleLzXntUS51W0o+zoya3CJjZZ01z2XWn25g==",
      "dev": true
    },
    "node_modules/monocart-locator": {
      "version": "1.0.0",
      "resolved": "https://registry.npmjs.org/monocart-locator/-/monocart-locator-1.0.0.tgz",
      "integrity": "sha512-qIHJ7f99miF2HbVUWAFKR93SfgGYpFPUCQPmW9q1VXU9onxMUFJxhQDdG3HkEteogUbsKB7Gr5MRgjzcIxwTaQ==",
      "dev": true
    },
    "node_modules/playwright": {
      "version": "1.44.1",
      "resolved": "https://registry.npmjs.org/playwright/-/playwright-1.44.1.tgz",
      "integrity": "sha512-qr/0UJ5CFAtloI3avF95Y0L1xQo6r3LQArLIg/z/PoGJ6xa+EwzrwO5lpNr/09STxdHuUoP2mvuELJS+hLdtgg==",
      "dev": true,
      "dependencies": {
        "playwright-core": "1.44.1"
      },
      "bin": {
        "playwright": "cli.js"
      },
      "engines": {
        "node": ">=16"
      },
      "optionalDependencies": {
        "fsevents": "2.3.2"
      }
    },
    "node_modules/playwright-core": {
      "version": "1.44.1",
      "resolved": "https://registry.npmjs.org/playwright-core/-/playwright-core-1.44.1.tgz",
      "integrity": "sha512-wh0JWtYTrhv1+OSsLPgFzGzt67Y7BE/ZS3jEqgGBlp2ppp1ZDj8c+9IARNW4dwf1poq5MgHreEM2KV/GuR4cFA==",
      "dev": true,
      "bin": {
        "playwright-core": "cli.js"
      },
      "engines": {
        "node": ">=16"
      }
    },
    "node_modules/semver": {
      "version": "7.6.2",
      "resolved": "https://registry.npmjs.org/semver/-/semver-7.6.2.tgz",
      "integrity": "sha512-FNAIBWCx9qcRhoHcgcJ0gvU7SN1lYU2ZXuSfl04bSC5OpvDHFyJCjdNHomPXxjQlCBU67YW64PzY7/VIEH7F2w==",
      "dev": true,
      "bin": {
        "semver": "bin/semver.js"
      },
      "engines": {
        "node": ">=10"
      }
    },
    "node_modules/supports-color": {
      "version": "7.2.0",
      "resolved": "https://registry.npmjs.org/supports-color/-/supports-color-7.2.0.tgz",
      "integrity": "sha512-qpCAvRl9stuOHveKsn7HncJRvv501qIacKzQlO/+Lwxc9+0q2wLyv4Dfvt80/DPn2pqOBsJdDiogXGR9+OvwRw==",
      "dev": true,
      "dependencies": {
        "has-flag": "^4.0.0"
      },
      "engines": {
        "node": ">=8"
      }
    },
    "node_modules/turbogrid": {
      "version": "3.1.0",
      "resolved": "https://registry.npmjs.org/turbogrid/-/turbogrid-3.1.0.tgz",
      "integrity": "sha512-IpNYGO26pJkd8c0qSOWVHfg8lYuVhbweaWboy7Xvg/KTI3WjhgYzPS6szPMoxXLEGAhykXagaQCRYl9pGapN6g==",
      "dev": true
    },
    "node_modules/undici-types": {
      "version": "5.26.5",
      "resolved": "https://registry.npmjs.org/undici-types/-/undici-types-5.26.5.tgz",
      "integrity": "sha512-JlCMO+ehdEIKqlFxk6IfVoAUVmgz7cU7zD/h9XZ0qzeosSHmUJVOzSQvvYSYWXkFXC+IfLKSIffhv0sVZup6pA==",
      "dev": true
    }
  },
  "dependencies": {
    "@playwright/test": {
      "version": "1.44.1",
      "resolved": "https://registry.npmjs.org/@playwright/test/-/test-1.44.1.tgz",
      "integrity": "sha512-1hZ4TNvD5z9VuhNJ/walIjvMVvYkZKf71axoF/uiAqpntQJXpG64dlXhoDXE3OczPuTuvjf/M5KWFg5VAVUS3Q==",
      "dev": true,
      "requires": {
        "playwright": "1.44.1"
      }
    },
    "@types/node": {
      "version": "20.14.2",
      "resolved": "https://registry.npmjs.org/@types/node/-/node-20.14.2.tgz",
      "integrity": "sha512-xyu6WAMVwv6AKFLB+e/7ySZVr/0zLCzOa7rSpq6jNwpqOrUbcACDWC+53d4n2QHOnDou0fbIsg8wZu/sxrnI4Q==",
      "dev": true,
      "requires": {
        "undici-types": "~5.26.4"
      }
    },
    "console-grid": {
      "version": "2.2.2",
      "resolved": "https://registry.npmjs.org/console-grid/-/console-grid-2.2.2.tgz",
      "integrity": "sha512-ohlgXexdDTKLNsZz7DSJuCAwmRc8omSS61txOk39W3NOthgKGr1a1jJpZ5BCQe4PlrwMw01OvPQ1Bl3G7Y/uFg==",
      "dev": true
    },
    "eight-colors": {
      "version": "1.3.0",
      "resolved": "https://registry.npmjs.org/eight-colors/-/eight-colors-1.3.0.tgz",
      "integrity": "sha512-hVoK898cR71ADj7L1LZWaECLaSkzzPtqGXIaKv4K6Pzb72QgjLVsQaNI+ELDQQshzFvgp5xTPkaYkPGqw3YR+g==",
      "dev": true
    },
    "fsevents": {
      "version": "2.3.2",
      "resolved": "https://registry.npmjs.org/fsevents/-/fsevents-2.3.2.tgz",
      "integrity": "sha512-xiqMQR4xAeHTuB9uWm+fFRcIOgKBMiOBP+eXiyT7jsgVCq1bkVygt00oASowB7EdtpOHaaPgKt812P9ab+DDKA==",
      "dev": true,
      "optional": true
    },
    "has-flag": {
      "version": "4.0.0",
      "resolved": "https://registry.npmjs.org/has-flag/-/has-flag-4.0.0.tgz",
      "integrity": "sha512-EykJT/Q1KjTWctppgIAgfSO0tKVuZUjhgMr17kqTumMl6Afv3EISleU7qZUzoXDFTAHTDC4NOoG/ZxU3EvlMPQ==",
      "dev": true
    },
    "html-escaper": {
      "version": "2.0.2",
      "resolved": "https://registry.npmjs.org/html-escaper/-/html-escaper-2.0.2.tgz",
      "integrity": "sha512-H2iMtd0I4Mt5eYiapRdIDjp+XzelXQ0tFE4JS7YFwFevXXMmOp9myNrUvCg0D6ws8iqkRPBfKHgbwig1SmlLfg==",
      "dev": true
    },
    "istanbul-lib-coverage": {
      "version": "3.2.2",
      "resolved": "https://registry.npmjs.org/istanbul-lib-coverage/-/istanbul-lib-coverage-3.2.2.tgz",
      "integrity": "sha512-O8dpsF+r0WV/8MNRKfnmrtCWhuKjxrq2w+jpzBL5UZKTi2LeVWnWOmWRxFlesJONmc+wLAGvKQZEOanko0LFTg==",
      "dev": true
    },
    "istanbul-lib-report": {
      "version": "3.0.1",
      "resolved": "https://registry.npmjs.org/istanbul-lib-report/-/istanbul-lib-report-3.0.1.tgz",
      "integrity": "sha512-GCfE1mtsHGOELCU8e/Z7YWzpmybrx/+dSTfLrvY8qRmaY6zXTKWn6WQIjaAFw069icm6GVMNkgu0NzI4iPZUNw==",
      "dev": true,
      "requires": {
        "istanbul-lib-coverage": "^3.0.0",
        "make-dir": "^4.0.0",
        "supports-color": "^7.1.0"
      }
    },
    "istanbul-reports": {
      "version": "3.1.7",
      "resolved": "https://registry.npmjs.org/istanbul-reports/-/istanbul-reports-3.1.7.tgz",
      "integrity": "sha512-BewmUXImeuRk2YY0PVbxgKAysvhRPUQE0h5QRM++nVWyubKGV0l8qQ5op8+B2DOmwSe63Jivj0BjkPQVf8fP5g==",
      "dev": true,
      "requires": {
        "html-escaper": "^2.0.0",
        "istanbul-lib-report": "^3.0.0"
      }
    },
    "lz-utils": {
      "version": "2.0.2",
      "resolved": "https://registry.npmjs.org/lz-utils/-/lz-utils-2.0.2.tgz",
      "integrity": "sha512-i1PJN4hNEevkrvLMqNWCCac1BcB5SRaghywG7HVzWOyVkFOasLCG19ND1sY1F/ZEsM6SnGtoXyBWnmfqOM5r6g==",
      "dev": true
    },
    "make-dir": {
      "version": "4.0.0",
      "resolved": "https://registry.npmjs.org/make-dir/-/make-dir-4.0.0.tgz",
      "integrity": "sha512-hXdUTZYIVOt1Ex//jAQi+wTZZpUpwBj/0QsOzqegb3rGMMeJiSEu5xLHnYfBrRV4RH2+OCSOO95Is/7x1WJ4bw==",
      "dev": true,
      "requires": {
        "semver": "^7.5.3"
      }
    },
    "monocart-code-viewer": {
      "version": "1.1.3",
      "resolved": "https://registry.npmjs.org/monocart-code-viewer/-/monocart-code-viewer-1.1.3.tgz",
      "integrity": "sha512-v1dbT8fDr9vjyjEYE035JSC4JXBA/Z034mogVJWRO3khX0/guVwGb69iSIYSzTbR9+KpRKV/C/AscRAkUwP32w==",
      "dev": true
    },
    "monocart-coverage-reports": {
      "version": "2.8.3",
      "resolved": "https://registry.npmjs.org/monocart-coverage-reports/-/monocart-coverage-reports-2.8.3.tgz",
      "integrity": "sha512-F6SK6VqKofrnjGtM0Cu9BLgp1ZZPMJhHq8rd8l0vudj3amrVRb+H9UH5X9Xxp4JuGVSODg0XfTDpFOxVjIGjUw==",
      "dev": true,
      "requires": {
        "console-grid": "^2.2.2",
        "eight-colors": "^1.3.0",
        "istanbul-lib-coverage": "^3.2.2",
        "istanbul-lib-report": "^3.0.1",
        "istanbul-reports": "^3.1.7",
        "lz-utils": "^2.0.2",
        "monocart-code-viewer": "^1.1.3",
        "monocart-formatter": "^3.0.0",
        "monocart-locator": "^1.0.0",
        "turbogrid": "^3.0.13"
      }
    },
    "monocart-formatter": {
      "version": "3.0.0",
      "resolved": "https://registry.npmjs.org/monocart-formatter/-/monocart-formatter-3.0.0.tgz",
      "integrity": "sha512-91OQpUb/9iDqvrblUv6ki11Jxi1d3Fp5u2jfVAPl3UdNp9TM+iBleLzXntUS51W0o+zoya3CJjZZ01z2XWn25g==",
      "dev": true
    },
    "monocart-locator": {
      "version": "1.0.0",
      "resolved": "https://registry.npmjs.org/monocart-locator/-/monocart-locator-1.0.0.tgz",
      "integrity": "sha512-qIHJ7f99miF2HbVUWAFKR93SfgGYpFPUCQPmW9q1VXU9onxMUFJxhQDdG3HkEteogUbsKB7Gr5MRgjzcIxwTaQ==",
      "dev": true
    },
    "playwright": {
      "version": "1.44.1",
      "resolved": "https://registry.npmjs.org/playwright/-/playwright-1.44.1.tgz",
      "integrity": "sha512-qr/0UJ5CFAtloI3avF95Y0L1xQo6r3LQArLIg/z/PoGJ6xa+EwzrwO5lpNr/09STxdHuUoP2mvuELJS+hLdtgg==",
      "dev": true,
      "requires": {
        "fsevents": "2.3.2",
        "playwright-core": "1.44.1"
      }
    },
    "playwright-core": {
      "version": "1.44.1",
      "resolved": "https://registry.npmjs.org/playwright-core/-/playwright-core-1.44.1.tgz",
      "integrity": "sha512-wh0JWtYTrhv1+OSsLPgFzGzt67Y7BE/ZS3jEqgGBlp2ppp1ZDj8c+9IARNW4dwf1poq5MgHreEM2KV/GuR4cFA==",
      "dev": true
    },
    "semver": {
      "version": "7.6.2",
      "resolved": "https://registry.npmjs.org/semver/-/semver-7.6.2.tgz",
      "integrity": "sha512-FNAIBWCx9qcRhoHcgcJ0gvU7SN1lYU2ZXuSfl04bSC5OpvDHFyJCjdNHomPXxjQlCBU67YW64PzY7/VIEH7F2w==",
      "dev": true
    },
    "supports-color": {
      "version": "7.2.0",
      "resolved": "https://registry.npmjs.org/supports-color/-/supports-color-7.2.0.tgz",
      "integrity": "sha512-qpCAvRl9stuOHveKsn7HncJRvv501qIacKzQlO/+Lwxc9+0q2wLyv4Dfvt80/DPn2pqOBsJdDiogXGR9+OvwRw==",
      "dev": true,
      "requires": {
        "has-flag": "^4.0.0"
      }
    },
    "turbogrid": {
      "version": "3.1.0",
      "resolved": "https://registry.npmjs.org/turbogrid/-/turbogrid-3.1.0.tgz",
      "integrity": "sha512-IpNYGO26pJkd8c0qSOWVHfg8lYuVhbweaWboy7Xvg/KTI3WjhgYzPS6szPMoxXLEGAhykXagaQCRYl9pGapN6g==",
      "dev": true
    },
    "undici-types": {
      "version": "5.26.5",
      "resolved": "https://registry.npmjs.org/undici-types/-/undici-types-5.26.5.tgz",
      "integrity": "sha512-JlCMO+ehdEIKqlFxk6IfVoAUVmgz7cU7zD/h9XZ0qzeosSHmUJVOzSQvvYSYWXkFXC+IfLKSIffhv0sVZup6pA==",
      "dev": true
    }
  }
}
